# This file was autogenerated by Stack.
# You should not edit this file by hand.
# For more information, please see the documentation at:
#   https://docs.haskellstack.org/en/stable/lock_files

packages:
- completed:
    hackage: hoogle-5.0.18@sha256:821c50a23662ceff262387ffd85bd443ef4308a2fcd1f5c51aa9ddc9fdd8c28d,3171
    pantry-tree:
      size: 3414
      sha256: 8f7e3f5ac4b9de12c930bc677f34a1eca0e91d9da3cfd9fce1d8c7ff6bcfdc0e
  original:
    hackage: hoogle-5.0.18
- completed:
    hackage: discord-haskell-1.8.3@sha256:5216830fc38f505ba91cd794ca4aeb650c89269267c3fad95a34dfe51ece3a69,3562
    pantry-tree:
      size: 2107
      sha256: 3c9b61962ffe49490c19861c85da44cf0e9966f8cb1f673d39541adf7d839885
  original:
    hackage: discord-haskell-1.8.3
- completed:
    hackage: emoji-0.1.0.2@sha256:d995572a5c7dcd28f98eb15c6e387a7b3bda1ac2477ab0d9dba8580d5d7b161f,1273
    pantry-tree:
      size: 437
      sha256: dd9ea90a631342e5db0fc21331ade4d563a685e9125d5a3989eefa8e1b96c6c6
  original:
    hackage: emoji-0.1.0.2
snapshots:
- completed:
    size: 532177
    url: https://raw.githubusercontent.com/commercialhaskell/stackage-snapshots/master/lts/16/20.yaml
    sha256: 0e14ba5603f01e8496e8984fd84b545a012ca723f51a098c6c9d3694e404dc6d
  original: lts-16.20
