# This file was autogenerated by Stack.
# You should not edit this file by hand.
# For more information, please see the documentation at:
#   https://docs.haskellstack.org/en/stable/lock_files

packages:
- completed:
    name: discord-haskell
    version: 1.8.8
    git: https://github.com/aquarial/discord-haskell.git
    pantry-tree:
      size: 2501
      sha256: 2c5e0de98ff6be01abf889a3620c3942f8e5943dd6ab02c8737c4c9cc2d9a0d0
    commit: 83cbc89e006ad91648a5f6f6d04c73ea758d028b
  original:
    git: https://github.com/aquarial/discord-haskell.git
    commit: 83cbc89e006ad91648a5f6f6d04c73ea758d028b
- completed:
    hackage: emoji-0.1.0.2@sha256:d995572a5c7dcd28f98eb15c6e387a7b3bda1ac2477ab0d9dba8580d5d7b161f,1273
    pantry-tree:
      size: 437
      sha256: dd9ea90a631342e5db0fc21331ade4d563a685e9125d5a3989eefa8e1b96c6c6
  original:
    hackage: emoji-0.1.0.2
- completed:
    hackage: hspec-2.7.4@sha256:8d0430e4a7ba8fa1482a1766fd4973f0c5e7c5adf512bded7358269bb9486c9e,1692
    pantry-tree:
      size: 532
      sha256: 6a6ba1798090ee6245f5995303b6ccf1afea26c73d4e69b95330c8914056d420
  original:
    hackage: hspec-2.7.4
- completed:
    hackage: pointfree-1.1.1.8@sha256:733b5e4148359679e8b313dda794099f31901fc6071dd4b2423c764911eef9ce,2209
    pantry-tree:
      size: 772
      sha256: e0de815e79eadae876f4ef4b3afd296ee1a7eaa68eff8927d4b4604a2f615109
  original:
    hackage: pointfree-1.1.1.8
snapshots:
- completed:
    size: 567677
    url: https://raw.githubusercontent.com/commercialhaskell/stackage-snapshots/master/lts/17/14.yaml
    sha256: 3740f22286bf5e6e3d82f88125e1c708b6e27847211f956b530aa5d83cf39383
  original: lts-17.14
